// !$*UTF8*$!
{
	archiveVersion = 1;
	classes = {
	};
	objectVersion = 46;
	objects = {

/* Begin PBXBuildFile section */
		A748C8611D54527600CAF5A0 /* AppDelegate.swift in Sources */ = {isa = PBXBuildFile; fileRef = A748C8601D54527600CAF5A0 /* AppDelegate.swift */; };
		A748C8631D54527700CAF5A0 /* ViewController.swift in Sources */ = {isa = PBXBuildFile; fileRef = A748C8621D54527700CAF5A0 /* ViewController.swift */; };
		A748C8661D54527700CAF5A0 /* Main.storyboard in Resources */ = {isa = PBXBuildFile; fileRef = A748C8641D54527700CAF5A0 /* Main.storyboard */; };
		A748C8681D54527700CAF5A0 /* Assets.xcassets in Resources */ = {isa = PBXBuildFile; fileRef = A748C8671D54527700CAF5A0 /* Assets.xcassets */; };
		A748C86B1D54527700CAF5A0 /* LaunchScreen.storyboard in Resources */ = {isa = PBXBuildFile; fileRef = A748C8691D54527700CAF5A0 /* LaunchScreen.storyboard */; };
		A748C8761D54527700CAF5A0 /* FireChatTests.swift in Sources */ = {isa = PBXBuildFile; fileRef = A748C8751D54527700CAF5A0 /* FireChatTests.swift */; };
		A748C8811D54527700CAF5A0 /* FireChatUITests.swift in Sources */ = {isa = PBXBuildFile; fileRef = A748C8801D54527700CAF5A0 /* FireChatUITests.swift */; };
/* End PBXBuildFile section */

/* Begin PBXContainerItemProxy section */
		A748C8721D54527700CAF5A0 /* PBXContainerItemProxy */ = {
			isa = PBXContainerItemProxy;
			containerPortal = A748C8551D54527600CAF5A0 /* Project object */;
			proxyType = 1;
			remoteGlobalIDString = A748C85C1D54527600CAF5A0;
			remoteInfo = FireChat;
		};
		A748C87D1D54527700CAF5A0 /* PBXContainerItemProxy */ = {
			isa = PBXContainerItemProxy;
			containerPortal = A748C8551D54527600CAF5A0 /* Project object */;
			proxyType = 1;
			remoteGlobalIDString = A748C85C1D54527600CAF5A0;
			remoteInfo = FireChat;
		};
/* End PBXContainerItemProxy section */

/* Begin PBXFileReference section */
		A748C85D1D54527600CAF5A0 /* FireChat.app */ = {isa = PBXFileReference; explicitFileType = wrapper.application; includeInIndex = 0; path = FireChat.app; sourceTree = BUILT_PRODUCTS_DIR; };
		A748C8601D54527600CAF5A0 /* AppDelegate.swift */ = {isa = PBXFileReference; lastKnownFileType = sourcecode.swift; path = AppDelegate.swift; sourceTree = "<group>"; };
		A748C8621D54527700CAF5A0 /* ViewController.swift */ = {isa = PBXFileReference; lastKnownFileType = sourcecode.swift; path = ViewController.swift; sourceTree = "<group>"; };
		A748C8651D54527700CAF5A0 /* Base */ = {isa = PBXFileReference; lastKnownFileType = file.storyboard; name = Base; path = Base.lproj/Main.storyboard; sourceTree = "<group>"; };
		A748C8671D54527700CAF5A0 /* Assets.xcassets */ = {isa = PBXFileReference; lastKnownFileType = folder.assetcatalog; path = Assets.xcassets; sourceTree = "<group>"; };
		A748C86A1D54527700CAF5A0 /* Base */ = {isa = PBXFileReference; lastKnownFileType = file.storyboard; name = Base; path = Base.lproj/LaunchScreen.storyboard; sourceTree = "<group>"; };
		A748C86C1D54527700CAF5A0 /* Info.plist */ = {isa = PBXFileReference; lastKnownFileType = text.plist.xml; path = Info.plist; sourceTree = "<group>"; };
		A748C8711D54527700CAF5A0 /* FireChatTests.xctest */ = {isa = PBXFileReference; explicitFileType = wrapper.cfbundle; includeInIndex = 0; path = FireChatTests.xctest; sourceTree = BUILT_PRODUCTS_DIR; };
		A748C8751D54527700CAF5A0 /* FireChatTests.swift */ = {isa = PBXFileReference; lastKnownFileType = sourcecode.swift; path = FireChatTests.swift; sourceTree = "<group>"; };
		A748C8771D54527700CAF5A0 /* Info.plist */ = {isa = PBXFileReference; lastKnownFileType = text.plist.xml; path = Info.plist; sourceTree = "<group>"; };
		A748C87C1D54527700CAF5A0 /* FireChatUITests.xctest */ = {isa = PBXFileReference; explicitFileType = wrapper.cfbundle; includeInIndex = 0; path = FireChatUITests.xctest; sourceTree = BUILT_PRODUCTS_DIR; };
		A748C8801D54527700CAF5A0 /* FireChatUITests.swift */ = {isa = PBXFileReference; lastKnownFileType = sourcecode.swift; path = FireChatUITests.swift; sourceTree = "<group>"; };
		A748C8821D54527700CAF5A0 /* Info.plist */ = {isa = PBXFileReference; lastKnownFileType = text.plist.xml; path = Info.plist; sourceTree = "<group>"; };
/* End PBXFileReference section */

/* Begin PBXFrameworksBuildPhase section */
		A748C85A1D54527600CAF5A0 /* Frameworks */ = {
			isa = PBXFrameworksBuildPhase;
			buildActionMask = 2147483647;
			files = (
			);
			runOnlyForDeploymentPostprocessing = 0;
		};
		A748C86E1D54527700CAF5A0 /* Frameworks */ = {
			isa = PBXFrameworksBuildPhase;
			buildActionMask = 2147483647;
			files = (
			);
			runOnlyForDeploymentPostprocessing = 0;
		};
		A748C8791D54527700CAF5A0 /* Frameworks */ = {
			isa = PBXFrameworksBuildPhase;
			buildActionMask = 2147483647;
			files = (
			);
			runOnlyForDeploymentPostprocessing = 0;
		};
/* End PBXFrameworksBuildPhase section */

/* Begin PBXGroup section */
		A748C8541D54527600CAF5A0 = {
			isa = PBXGroup;
			children = (
				A748C85F1D54527600CAF5A0 /* FireChat */,
				A748C8741D54527700CAF5A0 /* FireChatTests */,
				A748C87F1D54527700CAF5A0 /* FireChatUITests */,
				A748C85E1D54527600CAF5A0 /* Products */,
			);
			sourceTree = "<group>";
		};
		A748C85E1D54527600CAF5A0 /* Products */ = {
			isa = PBXGroup;
			children = (
				A748C85D1D54527600CAF5A0 /* FireChat.app */,
				A748C8711D54527700CAF5A0 /* FireChatTests.xctest */,
				A748C87C1D54527700CAF5A0 /* FireChatUITests.xctest */,
			);
			name = Products;
			sourceTree = "<group>";
		};
		A748C85F1D54527600CAF5A0 /* FireChat */ = {
			isa = PBXGroup;
			children = (
				A748C8601D54527600CAF5A0 /* AppDelegate.swift */,
				A748C8621D54527700CAF5A0 /* ViewController.swift */,
				A748C8641D54527700CAF5A0 /* Main.storyboard */,
				A748C8671D54527700CAF5A0 /* Assets.xcassets */,
				A748C8691D54527700CAF5A0 /* LaunchScreen.storyboard */,
				A748C86C1D54527700CAF5A0 /* Info.plist */,
			);
			path = FireChat;
			sourceTree = "<group>";
		};
		A748C8741D54527700CAF5A0 /* FireChatTests */ = {
			isa = PBXGroup;
			children = (
				A748C8751D54527700CAF5A0 /* FireChatTests.swift */,
				A748C8771D54527700CAF5A0 /* Info.plist */,
			);
			path = FireChatTests;
			sourceTree = "<group>";
		};
		A748C87F1D54527700CAF5A0 /* FireChatUITests */ = {
			isa = PBXGroup;
			children = (
				A748C8801D54527700CAF5A0 /* FireChatUITests.swift */,
				A748C8821D54527700CAF5A0 /* Info.plist */,
			);
			path = FireChatUITests;
			sourceTree = "<group>";
		};
/* End PBXGroup section */

/* Begin PBXNativeTarget section */
		A748C85C1D54527600CAF5A0 /* FireChat */ = {
			isa = PBXNativeTarget;
			buildConfigurationList = A748C8851D54527700CAF5A0 /* Build configuration list for PBXNativeTarget "FireChat" */;
			buildPhases = (
				A748C8591D54527600CAF5A0 /* Sources */,
				A748C85A1D54527600CAF5A0 /* Frameworks */,
				A748C85B1D54527600CAF5A0 /* Resources */,
			);
			buildRules = (
			);
			dependencies = (
			);
			name = FireChat;
			productName = FireChat;
			productReference = A748C85D1D54527600CAF5A0 /* FireChat.app */;
			productType = "com.apple.product-type.application";
		};
		A748C8701D54527700CAF5A0 /* FireChatTests */ = {
			isa = PBXNativeTarget;
			buildConfigurationList = A748C8881D54527700CAF5A0 /* Build configuration list for PBXNativeTarget "FireChatTests" */;
			buildPhases = (
				A748C86D1D54527700CAF5A0 /* Sources */,
				A748C86E1D54527700CAF5A0 /* Frameworks */,
				A748C86F1D54527700CAF5A0 /* Resources */,
			);
			buildRules = (
			);
			dependencies = (
				A748C8731D54527700CAF5A0 /* PBXTargetDependency */,
			);
			name = FireChatTests;
			productName = FireChatTests;
			productReference = A748C8711D54527700CAF5A0 /* FireChatTests.xctest */;
			productType = "com.apple.product-type.bundle.unit-test";
		};
		A748C87B1D54527700CAF5A0 /* FireChatUITests */ = {
			isa = PBXNativeTarget;
			buildConfigurationList = A748C88B1D54527700CAF5A0 /* Build configuration list for PBXNativeTarget "FireChatUITests" */;
			buildPhases = (
				A748C8781D54527700CAF5A0 /* Sources */,
				A748C8791D54527700CAF5A0 /* Frameworks */,
				A748C87A1D54527700CAF5A0 /* Resources */,
			);
			buildRules = (
			);
			dependencies = (
				A748C87E1D54527700CAF5A0 /* PBXTargetDependency */,
			);
			name = FireChatUITests;
			productName = FireChatUITests;
			productReference = A748C87C1D54527700CAF5A0 /* FireChatUITests.xctest */;
			productType = "com.apple.product-type.bundle.ui-testing";
		};
/* End PBXNativeTarget section */

/* Begin PBXProject section */
		A748C8551D54527600CAF5A0 /* Project object */ = {
			isa = PBXProject;
			attributes = {
				LastSwiftUpdateCheck = 0730;
				LastUpgradeCheck = 0730;
				ORGANIZATIONNAME = Nakayama;
				TargetAttributes = {
					A748C85C1D54527600CAF5A0 = {
						CreatedOnToolsVersion = 7.3;
					};
					A748C8701D54527700CAF5A0 = {
						CreatedOnToolsVersion = 7.3;
						TestTargetID = A748C85C1D54527600CAF5A0;
					};
					A748C87B1D54527700CAF5A0 = {
						CreatedOnToolsVersion = 7.3;
						TestTargetID = A748C85C1D54527600CAF5A0;
					};
				};
			};
			buildConfigurationList = A748C8581D54527600CAF5A0 /* Build configuration list for PBXProject "FireChat" */;
			compatibilityVersion = "Xcode 3.2";
			developmentRegion = English;
			hasScannedForEncodings = 0;
			knownRegions = (
				en,
				Base,
			);
			mainGroup = A748C8541D54527600CAF5A0;
			productRefGroup = A748C85E1D54527600CAF5A0 /* Products */;
			projectDirPath = "";
			projectRoot = "";
			targets = (
				A748C85C1D54527600CAF5A0 /* FireChat */,
				A748C8701D54527700CAF5A0 /* FireChatTests */,
				A748C87B1D54527700CAF5A0 /* FireChatUITests */,
			);
		};
/* End PBXProject section */

/* Begin PBXResourcesBuildPhase section */
		A748C85B1D54527600CAF5A0 /* Resources */ = {
			isa = PBXResourcesBuildPhase;
			buildActionMask = 2147483647;
			files = (
				A748C86B1D54527700CAF5A0 /* LaunchScreen.storyboard in Resources */,
				A748C8681D54527700CAF5A0 /* Assets.xcassets in Resources */,
				A748C8661D54527700CAF5A0 /* Main.storyboard in Resources */,
			);
			runOnlyForDeploymentPostprocessing = 0;
		};
		A748C86F1D54527700CAF5A0 /* Resources */ = {
			isa = PBXResourcesBuildPhase;
			buildActionMask = 2147483647;
			files = (
			);
			runOnlyForDeploymentPostprocessing = 0;
		};
		A748C87A1D54527700CAF5A0 /* Resources */ = {
			isa = PBXResourcesBuildPhase;
			buildActionMask = 2147483647;
			files = (
			);
			runOnlyForDeploymentPostprocessing = 0;
		};
/* End PBXResourcesBuildPhase section */

/* Begin PBXSourcesBuildPhase section */
		A748C8591D54527600CAF5A0 /* Sources */ = {
			isa = PBXSourcesBuildPhase;
			buildActionMask = 2147483647;
			files = (
				A748C8631D54527700CAF5A0 /* ViewController.swift in Sources */,
				A748C8611D54527600CAF5A0 /* AppDelegate.swift in Sources */,
			);
			runOnlyForDeploymentPostprocessing = 0;
		};
		A748C86D1D54527700CAF5A0 /* Sources */ = {
			isa = PBXSourcesBuildPhase;
			buildActionMask = 2147483647;
			files = (
				A748C8761D54527700CAF5A0 /* FireChatTests.swift in Sources */,
			);
			runOnlyForDeploymentPostprocessing = 0;
		};
		A748C8781D54527700CAF5A0 /* Sources */ = {
			isa = PBXSourcesBuildPhase;
			buildActionMask = 2147483647;
			files = (
				A748C8811D54527700CAF5A0 /* FireChatUITests.swift in Sources */,
			);
			runOnlyForDeploymentPostprocessing = 0;
		};
/* End PBXSourcesBuildPhase section */

/* Begin PBXTargetDependency section */
		A748C8731D54527700CAF5A0 /* PBXTargetDependency */ = {
			isa = PBXTargetDependency;
			target = A748C85C1D54527600CAF5A0 /* FireChat */;
			targetProxy = A748C8721D54527700CAF5A0 /* PBXContainerItemProxy */;
		};
		A748C87E1D54527700CAF5A0 /* PBXTargetDependency */ = {
			isa = PBXTargetDependency;
			target = A748C85C1D54527600CAF5A0 /* FireChat */;
			targetProxy = A748C87D1D54527700CAF5A0 /* PBXContainerItemProxy */;
		};
/* End PBXTargetDependency section */

/* Begin PBXVariantGroup section */
		A748C8641D54527700CAF5A0 /* Main.storyboard */ = {
			isa = PBXVariantGroup;
			children = (
				A748C8651D54527700CAF5A0 /* Base */,
			);
			name = Main.storyboard;
			sourceTree = "<group>";
		};
		A748C8691D54527700CAF5A0 /* LaunchScreen.storyboard */ = {
			isa = PBXVariantGroup;
			children = (
				A748C86A1D54527700CAF5A0 /* Base */,
			);
			name = LaunchScreen.storyboard;
			sourceTree = "<group>";
		};
/* End PBXVariantGroup section */

/* Begin XCBuildConfiguration section */
		A748C8831D54527700CAF5A0 /* Debug */ = {
			isa = XCBuildConfiguration;
			buildSettings = {
				ALWAYS_SEARCH_USER_PATHS = NO;
				CLANG_ANALYZER_NONNULL = YES;
				CLANG_CXX_LANGUAGE_STANDARD = "gnu++0x";
				CLANG_CXX_LIBRARY = "libc++";
				CLANG_ENABLE_MODULES = YES;
				CLANG_ENABLE_OBJC_ARC = YES;
				CLANG_WARN_BOOL_CONVERSION = YES;
				CLANG_WARN_CONSTANT_CONVERSION = YES;
				CLANG_WARN_DIRECT_OBJC_ISA_USAGE = YES_ERROR;
				CLANG_WARN_EMPTY_BODY = YES;
				CLANG_WARN_ENUM_CONVERSION = YES;
				CLANG_WARN_INT_CONVERSION = YES;
				CLANG_WARN_OBJC_ROOT_CLASS = YES_ERROR;
				CLANG_WARN_UNREACHABLE_CODE = YES;
				CLANG_WARN__DUPLICATE_METHOD_MATCH = YES;
				"CODE_SIGN_IDENTITY[sdk=iphoneos*]" = "iPhone Developer";
				COPY_PHASE_STRIP = NO;
				DEBUG_INFORMATION_FORMAT = dwarf;
				ENABLE_STRICT_OBJC_MSGSEND = YES;
				ENABLE_TESTABILITY = YES;
				GCC_C_LANGUAGE_STANDARD = gnu99;
				GCC_DYNAMIC_NO_PIC = NO;
				GCC_NO_COMMON_BLOCKS = YES;
				GCC_OPTIMIZATION_LEVEL = 0;
				GCC_PREPROCESSOR_DEFINITIONS = (
					"DEBUG=1",
					"$(inherited)",
				);
				GCC_WARN_64_TO_32_BIT_CONVERSION = YES;
				GCC_WARN_ABOUT_RETURN_TYPE = YES_ERROR;
				GCC_WARN_UNDECLARED_SELECTOR = YES;
				GCC_WARN_UNINITIALIZED_AUTOS = YES_AGGRESSIVE;
				GCC_WARN_UNUSED_FUNCTION = YES;
				GCC_WARN_UNUSED_VARIABLE = YES;
				IPHONEOS_DEPLOYMENT_TARGET = 9.3;
				MTL_ENABLE_DEBUG_INFO = YES;
				ONLY_ACTIVE_ARCH = YES;
				SDKROOT = iphoneos;
				SWIFT_OPTIMIZATION_LEVEL = "-Onone";
				TARGETED_DEVICE_FAMILY = "1,2";
			};
			name = Debug;
		};
		A748C8841D54527700CAF5A0 /* Release */ = {
			isa = XCBuildConfiguration;
			buildSettings = {
				ALWAYS_SEARCH_USER_PATHS = NO;
				CLANG_ANALYZER_NONNULL = YES;
				CLANG_CXX_LANGUAGE_STANDARD = "gnu++0x";
				CLANG_CXX_LIBRARY = "libc++";
				CLANG_ENABLE_MODULES = YES;
				CLANG_ENABLE_OBJC_ARC = YES;
				CLANG_WARN_BOOL_CONVERSION = YES;
				CLANG_WARN_CONSTANT_CONVERSION = YES;
				CLANG_WARN_DIRECT_OBJC_ISA_USAGE = YES_ERROR;
				CLANG_WARN_EMPTY_BODY = YES;
				CLANG_WARN_ENUM_CONVERSION = YES;
				CLANG_WARN_INT_CONVERSION = YES;
				CLANG_WARN_OBJC_ROOT_CLASS = YES_ERROR;
				CLANG_WARN_UNREACHABLE_CODE = YES;
				CLANG_WARN__DUPLICATE_METHOD_MATCH = YES;
				"CODE_SIGN_IDENTITY[sdk=iphoneos*]" = "iPhone Developer";
				COPY_PHASE_STRIP = NO;
				DEBUG_INFORMATION_FORMAT = "dwarf-with-dsym";
				ENABLE_NS_ASSERTIONS = NO;
				ENABLE_STRICT_OBJC_MSGSEND = YES;
				GCC_C_LANGUAGE_STANDARD = gnu99;
				GCC_NO_COMMON_BLOCKS = YES;
				GCC_WARN_64_TO_32_BIT_CONVERSION = YES;
				GCC_WARN_ABOUT_RETURN_TYPE = YES_ERROR;
				GCC_WARN_UNDECLARED_SELECTOR = YES;
				GCC_WARN_UNINITIALIZED_AUTOS = YES_AGGRESSIVE;
				GCC_WARN_UNUSED_FUNCTION = YES;
				GCC_WARN_UNUSED_VARIABLE = YES;
				IPHONEOS_DEPLOYMENT_TARGET = 9.3;
				MTL_ENABLE_DEBUG_INFO = NO;
				SDKROOT = iphoneos;
				TARGETED_DEVICE_FAMILY = "1,2";
				VALIDATE_PRODUCT = YES;
			};
			name = Release;
		};
		A748C8861D54527700CAF5A0 /* Debug */ = {
			isa = XCBuildConfiguration;
			buildSettings = {
				ASSETCATALOG_COMPILER_APPICON_NAME = AppIcon;
				INFOPLIST_FILE = FireChat/Info.plist;
				LD_RUNPATH_SEARCH_PATHS = "$(inherited) @executable_path/Frameworks";
				PRODUCT_BUNDLE_IDENTIFIER = jp.nakayama.FireChat;
				PRODUCT_NAME = "$(TARGET_NAME)";
			};
			name = Debug;
		};
		A748C8871D54527700CAF5A0 /* Release */ = {
			isa = XCBuildConfiguration;
			buildSettings = {
				ASSETCATALOG_COMPILER_APPICON_NAME = AppIcon;
				INFOPLIST_FILE = FireChat/Info.plist;
				LD_RUNPATH_SEARCH_PATHS = "$(inherited) @executable_path/Frameworks";
				PRODUCT_BUNDLE_IDENTIFIER = jp.nakayama.FireChat;
				PRODUCT_NAME = "$(TARGET_NAME)";
			};
			name = Release;
		};
		A748C8891D54527700CAF5A0 /* Debug */ = {
			isa = XCBuildConfiguration;
			buildSettings = {
				BUNDLE_LOADER = "$(TEST_HOST)";
				INFOPLIST_FILE = FireChatTests/Info.plist;
				LD_RUNPATH_SEARCH_PATHS = "$(inherited) @executable_path/Frameworks @loader_path/Frameworks";
				PRODUCT_BUNDLE_IDENTIFIER = jp.nakayama.FireChatTests;
				PRODUCT_NAME = "$(TARGET_NAME)";
				TEST_HOST = "$(BUILT_PRODUCTS_DIR)/FireChat.app/FireChat";
			};
			name = Debug;
		};
		A748C88A1D54527700CAF5A0 /* Release */ = {
			isa = XCBuildConfiguration;
			buildSettings = {
				BUNDLE_LOADER = "$(TEST_HOST)";
				INFOPLIST_FILE = FireChatTests/Info.plist;
				LD_RUNPATH_SEARCH_PATHS = "$(inherited) @executable_path/Frameworks @loader_path/Frameworks";
				PRODUCT_BUNDLE_IDENTIFIER = jp.nakayama.FireChatTests;
				PRODUCT_NAME = "$(TARGET_NAME)";
				TEST_HOST = "$(BUILT_PRODUCTS_DIR)/FireChat.app/FireChat";
			};
			name = Release;
		};
		A748C88C1D54527700CAF5A0 /* Debug */ = {
			isa = XCBuildConfiguration;
			buildSettings = {
				INFOPLIST_FILE = FireChatUITests/Info.plist;
				LD_RUNPATH_SEARCH_PATHS = "$(inherited) @executable_path/Frameworks @loader_path/Frameworks";
				PRODUCT_BUNDLE_IDENTIFIER = jp.nakayama.FireChatUITests;
				PRODUCT_NAME = "$(TARGET_NAME)";
				TEST_TARGET_NAME = FireChat;
			};
			name = Debug;
		};
		A748C88D1D54527700CAF5A0 /* Release */ = {
			isa = XCBuildConfiguration;
			buildSettings = {
				INFOPLIST_FILE = FireChatUITests/Info.plist;
				LD_RUNPATH_SEARCH_PATHS = "$(inherited) @executable_path/Frameworks @loader_path/Frameworks";
				PRODUCT_BUNDLE_IDENTIFIER = jp.nakayama.FireChatUITests;
				PRODUCT_NAME = "$(TARGET_NAME)";
				TEST_TARGET_NAME = FireChat;
			};
			name = Release;
		};
/* End XCBuildConfiguration section */

/* Begin XCConfigurationList section */
		A748C8581D54527600CAF5A0 /* Build configuration list for PBXProject "FireChat" */ = {
			isa = XCConfigurationList;
			buildConfigurations = (
				A748C8831D54527700CAF5A0 /* Debug */,
				A748C8841D54527700CAF5A0 /* Release */,
			);
			defaultConfigurationIsVisible = 0;
			defaultConfigurationName = Release;
		};
		A748C8851D54527700CAF5A0 /* Build configuration list for PBXNativeTarget "FireChat" */ = {
			isa = XCConfigurationList;
			buildConfigurations = (
				A748C8861D54527700CAF5A0 /* Debug */,
				A748C8871D54527700CAF5A0 /* Release */,
			);
			defaultConfigurationIsVisible = 0;
		};
		A748C8881D54527700CAF5A0 /* Build configuration list for PBXNativeTarget "FireChatTests" */ = {
			isa = XCConfigurationList;
			buildConfigurations = (
				A748C8891D54527700CAF5A0 /* Debug */,
				A748C88A1D54527700CAF5A0 /* Release */,
			);
			defaultConfigurationIsVisible = 0;
		};
		A748C88B1D54527700CAF5A0 /* Build configuration list for PBXNativeTarget "FireChatUITests" */ = {
			isa = XCConfigurationList;
			buildConfigurations = (
				A748C88C1D54527700CAF5A0 /* Debug */,
				A748C88D1D54527700CAF5A0 /* Release */,
			);
			defaultConfigurationIsVisible = 0;
		};
/* End XCConfigurationList section */
	};
	rootObject = A748C8551D54527600CAF5A0 /* Project object */;
}
